// !$*UTF8*$!
{
	archiveVersion = 1;
	classes = {
	};
	objectVersion = 46;
	objects = {

/* Begin PBXBuildFile section */
		2AB4365114E18032001A135B /* julius_wegeler_schule.png in Resources */ = {isa = PBXBuildFile; fileRef = 2AB4365014E18032001A135B /* julius_wegeler_schule.png */; };
		2AE5612A14E15FED00DC897A /* standorte.plist in Resources */ = {isa = PBXBuildFile; fileRef = 2AE5612914E15FED00DC897A /* standorte.plist */; };
		6746013914E81D6E00E0A0EF /* JWSStandortTableViewController.m in Sources */ = {isa = PBXBuildFile; fileRef = 6746013814E81D6E00E0A0EF /* JWSStandortTableViewController.m */; };
		675FB45E14DDB8B0005E67BE /* UIKit.framework in Frameworks */ = {isa = PBXBuildFile; fileRef = 675FB45D14DDB8B0005E67BE /* UIKit.framework */; };
		675FB46014DDB8B0005E67BE /* Foundation.framework in Frameworks */ = {isa = PBXBuildFile; fileRef = 675FB45F14DDB8B0005E67BE /* Foundation.framework */; };
		675FB46214DDB8B0005E67BE /* CoreGraphics.framework in Frameworks */ = {isa = PBXBuildFile; fileRef = 675FB46114DDB8B0005E67BE /* CoreGraphics.framework */; };
		675FB46814DDB8B0005E67BE /* InfoPlist.strings in Resources */ = {isa = PBXBuildFile; fileRef = 675FB46614DDB8B0005E67BE /* InfoPlist.strings */; };
		675FB46A14DDB8B0005E67BE /* main.m in Sources */ = {isa = PBXBuildFile; fileRef = 675FB46914DDB8B0005E67BE /* main.m */; };
		675FB46E14DDB8B0005E67BE /* JWSMobileAppDelegate.m in Sources */ = {isa = PBXBuildFile; fileRef = 675FB46D14DDB8B0005E67BE /* JWSMobileAppDelegate.m */; };
		675FB47114DDB8B0005E67BE /* MainStoryboard.storyboard in Resources */ = {isa = PBXBuildFile; fileRef = 675FB46F14DDB8B0005E67BE /* MainStoryboard.storyboard */; };
		675FB47414DDB8B0005E67BE /* JWSMobileViewController.m in Sources */ = {isa = PBXBuildFile; fileRef = 675FB47314DDB8B0005E67BE /* JWSMobileViewController.m */; };
		678C112F14DE95C000476008 /* MapKit.framework in Frameworks */ = {isa = PBXBuildFile; fileRef = 678C112E14DE95C000476008 /* MapKit.framework */; };
		678C113114DE95C700476008 /* CoreLocation.framework in Frameworks */ = {isa = PBXBuildFile; fileRef = 678C113014DE95C700476008 /* CoreLocation.framework */; };
		678C113D14DE9B7000476008 /* Day.m in Sources */ = {isa = PBXBuildFile; fileRef = 678C113C14DE9B7000476008 /* Day.m */; };
		678C114014DE9B7000476008 /* Substitution.m in Sources */ = {isa = PBXBuildFile; fileRef = 678C113F14DE9B7000476008 /* Substitution.m */; };
		678C114314DE9B7100476008 /* SchoolClass.m in Sources */ = {isa = PBXBuildFile; fileRef = 678C114214DE9B7000476008 /* SchoolClass.m */; };
		678C114614DE9B8100476008 /* SchoolClass+Create.m in Sources */ = {isa = PBXBuildFile; fileRef = 678C114514DE9B8100476008 /* SchoolClass+Create.m */; };
		678C114914DE9F4600476008 /* SubstitutionDetailsTableViewController.m in Sources */ = {isa = PBXBuildFile; fileRef = 678C114814DE9F4600476008 /* SubstitutionDetailsTableViewController.m */; };
		6793EFB314DEAAD000EF1719 /* SubstitutionsBySchoolClassTableViewController.m in Sources */ = {isa = PBXBuildFile; fileRef = 6793EFB214DEAAD000EF1719 /* SubstitutionsBySchoolClassTableViewController.m */; };
		67B02B0F14DDB9780090E6C6 /* CoreDataTableViewController.m in Sources */ = {isa = PBXBuildFile; fileRef = 67B02B0E14DDB9780090E6C6 /* CoreDataTableViewController.m */; };
		67B02B1314DDB9870090E6C6 /* JWSSubstitutionsFetcher.m in Sources */ = {isa = PBXBuildFile; fileRef = 67B02B1214DDB9870090E6C6 /* JWSSubstitutionsFetcher.m */; };
		67B02B1614DDB9BE0090E6C6 /* DaysTableViewController.m in Sources */ = {isa = PBXBuildFile; fileRef = 67B02B1514DDB9BE0090E6C6 /* DaysTableViewController.m */; };
		67B02B1814DDBC7B0090E6C6 /* CoreData.framework in Frameworks */ = {isa = PBXBuildFile; fileRef = 67B02B1714DDBC7B0090E6C6 /* CoreData.framework */; };
		67B02B1B14DDBD5C0090E6C6 /* JWSMobile.xcdatamodeld in Sources */ = {isa = PBXBuildFile; fileRef = 67B02B1914DDBD5C0090E6C6 /* JWSMobile.xcdatamodeld */; };
		67B02B2A14DDBF310090E6C6 /* Day+Create.m in Sources */ = {isa = PBXBuildFile; fileRef = 67B02B2914DDBF310090E6C6 /* Day+Create.m */; };
		67B02B2D14DDC0050090E6C6 /* Substitution+JWS.m in Sources */ = {isa = PBXBuildFile; fileRef = 67B02B2C14DDC0050090E6C6 /* Substitution+JWS.m */; };
		67B02B3C14DDD3B20090E6C6 /* SubstitutionsByDayTableViewController.m in Sources */ = {isa = PBXBuildFile; fileRef = 67B02B3B14DDD3B20090E6C6 /* SubstitutionsByDayTableViewController.m */; };
		67C1CCF614E66D1000DCA2D0 /* JWSStandortAnnotation.m in Sources */ = {isa = PBXBuildFile; fileRef = 67C1CCF214E66D1000DCA2D0 /* JWSStandortAnnotation.m */; };
		67C1CCF714E66D1000DCA2D0 /* MapViewController.m in Sources */ = {isa = PBXBuildFile; fileRef = 67C1CCF414E66D1000DCA2D0 /* MapViewController.m */; };
		67C4FD6F14DEA53300FE7B75 /* SchoolClassesTableViewController.m in Sources */ = {isa = PBXBuildFile; fileRef = 67C4FD6E14DEA53300FE7B75 /* SchoolClassesTableViewController.m */; };
/* End PBXBuildFile section */

/* Begin PBXFileReference section */
		2A86C31714E3BBB10002B0B2 /* CoreImage.framework */ = {isa = PBXFileReference; lastKnownFileType = wrapper.framework; name = CoreImage.framework; path = System/Library/Frameworks/CoreImage.framework; sourceTree = SDKROOT; };
		2AB4365014E18032001A135B /* julius_wegeler_schule.png */ = {isa = PBXFileReference; lastKnownFileType = image.png; path = julius_wegeler_schule.png; sourceTree = "<group>"; };
		2AE5612914E15FED00DC897A /* standorte.plist */ = {isa = PBXFileReference; fileEncoding = 4; lastKnownFileType = text.plist.xml; path = standorte.plist; sourceTree = "<group>"; };
		6746013714E81D6E00E0A0EF /* JWSStandortTableViewController.h */ = {isa = PBXFileReference; fileEncoding = 4; lastKnownFileType = sourcecode.c.h; path = JWSStandortTableViewController.h; sourceTree = "<group>"; };
		6746013814E81D6E00E0A0EF /* JWSStandortTableViewController.m */ = {isa = PBXFileReference; fileEncoding = 4; lastKnownFileType = sourcecode.c.objc; path = JWSStandortTableViewController.m; sourceTree = "<group>"; };
		675FB45914DDB8AF005E67BE /* JWS Mobile.app */ = {isa = PBXFileReference; explicitFileType = wrapper.application; includeInIndex = 0; path = "JWS Mobile.app"; sourceTree = BUILT_PRODUCTS_DIR; };
		675FB45D14DDB8B0005E67BE /* UIKit.framework */ = {isa = PBXFileReference; lastKnownFileType = wrapper.framework; name = UIKit.framework; path = System/Library/Frameworks/UIKit.framework; sourceTree = SDKROOT; };
		675FB45F14DDB8B0005E67BE /* Foundation.framework */ = {isa = PBXFileReference; lastKnownFileType = wrapper.framework; name = Foundation.framework; path = System/Library/Frameworks/Foundation.framework; sourceTree = SDKROOT; };
		675FB46114DDB8B0005E67BE /* CoreGraphics.framework */ = {isa = PBXFileReference; lastKnownFileType = wrapper.framework; name = CoreGraphics.framework; path = System/Library/Frameworks/CoreGraphics.framework; sourceTree = SDKROOT; };
		675FB46514DDB8B0005E67BE /* JWS Mobile-Info.plist */ = {isa = PBXFileReference; lastKnownFileType = text.plist.xml; path = "JWS Mobile-Info.plist"; sourceTree = "<group>"; };
		675FB46714DDB8B0005E67BE /* en */ = {isa = PBXFileReference; lastKnownFileType = text.plist.strings; name = en; path = en.lproj/InfoPlist.strings; sourceTree = "<group>"; };
		675FB46914DDB8B0005E67BE /* main.m */ = {isa = PBXFileReference; lastKnownFileType = sourcecode.c.objc; path = main.m; sourceTree = "<group>"; };
		675FB46B14DDB8B0005E67BE /* JWS Mobile-Prefix.pch */ = {isa = PBXFileReference; lastKnownFileType = sourcecode.c.h; path = "JWS Mobile-Prefix.pch"; sourceTree = "<group>"; };
		675FB46C14DDB8B0005E67BE /* JWSMobileAppDelegate.h */ = {isa = PBXFileReference; lastKnownFileType = sourcecode.c.h; path = JWSMobileAppDelegate.h; sourceTree = "<group>"; };
		675FB46D14DDB8B0005E67BE /* JWSMobileAppDelegate.m */ = {isa = PBXFileReference; lastKnownFileType = sourcecode.c.objc; path = JWSMobileAppDelegate.m; sourceTree = "<group>"; };
		675FB47014DDB8B0005E67BE /* en */ = {isa = PBXFileReference; lastKnownFileType = file.storyboard; name = en; path = en.lproj/MainStoryboard.storyboard; sourceTree = "<group>"; };
		675FB47214DDB8B0005E67BE /* JWSMobileViewController.h */ = {isa = PBXFileReference; lastKnownFileType = sourcecode.c.h; path = JWSMobileViewController.h; sourceTree = "<group>"; };
		675FB47314DDB8B0005E67BE /* JWSMobileViewController.m */ = {isa = PBXFileReference; lastKnownFileType = sourcecode.c.objc; path = JWSMobileViewController.m; sourceTree = "<group>"; };
		678C112E14DE95C000476008 /* MapKit.framework */ = {isa = PBXFileReference; lastKnownFileType = wrapper.framework; name = MapKit.framework; path = System/Library/Frameworks/MapKit.framework; sourceTree = SDKROOT; };
		678C113014DE95C700476008 /* CoreLocation.framework */ = {isa = PBXFileReference; lastKnownFileType = wrapper.framework; name = CoreLocation.framework; path = System/Library/Frameworks/CoreLocation.framework; sourceTree = SDKROOT; };
		678C113B14DE9B7000476008 /* Day.h */ = {isa = PBXFileReference; fileEncoding = 4; lastKnownFileType = sourcecode.c.h; path = Day.h; sourceTree = "<group>"; };
		678C113C14DE9B7000476008 /* Day.m */ = {isa = PBXFileReference; fileEncoding = 4; lastKnownFileType = sourcecode.c.objc; path = Day.m; sourceTree = "<group>"; };
		678C113E14DE9B7000476008 /* Substitution.h */ = {isa = PBXFileReference; fileEncoding = 4; lastKnownFileType = sourcecode.c.h; path = Substitution.h; sourceTree = "<group>"; };
		678C113F14DE9B7000476008 /* Substitution.m */ = {isa = PBXFileReference; fileEncoding = 4; lastKnownFileType = sourcecode.c.objc; path = Substitution.m; sourceTree = "<group>"; };
		678C114114DE9B7000476008 /* SchoolClass.h */ = {isa = PBXFileReference; fileEncoding = 4; lastKnownFileType = sourcecode.c.h; path = SchoolClass.h; sourceTree = "<group>"; };
		678C114214DE9B7000476008 /* SchoolClass.m */ = {isa = PBXFileReference; fileEncoding = 4; lastKnownFileType = sourcecode.c.objc; path = SchoolClass.m; sourceTree = "<group>"; };
		678C114414DE9B8100476008 /* SchoolClass+Create.h */ = {isa = PBXFileReference; fileEncoding = 4; lastKnownFileType = sourcecode.c.h; path = "SchoolClass+Create.h"; sourceTree = "<group>"; };
		678C114514DE9B8100476008 /* SchoolClass+Create.m */ = {isa = PBXFileReference; fileEncoding = 4; lastKnownFileType = sourcecode.c.objc; path = "SchoolClass+Create.m"; sourceTree = "<group>"; };
		678C114714DE9F4600476008 /* SubstitutionDetailsTableViewController.h */ = {isa = PBXFileReference; fileEncoding = 4; lastKnownFileType = sourcecode.c.h; path = SubstitutionDetailsTableViewController.h; sourceTree = "<group>"; };
		678C114814DE9F4600476008 /* SubstitutionDetailsTableViewController.m */ = {isa = PBXFileReference; fileEncoding = 4; lastKnownFileType = sourcecode.c.objc; path = SubstitutionDetailsTableViewController.m; sourceTree = "<group>"; };
		6793EFB114DEAAD000EF1719 /* SubstitutionsBySchoolClassTableViewController.h */ = {isa = PBXFileReference; fileEncoding = 4; lastKnownFileType = sourcecode.c.h; path = SubstitutionsBySchoolClassTableViewController.h; sourceTree = "<group>"; };
		6793EFB214DEAAD000EF1719 /* SubstitutionsBySchoolClassTableViewController.m */ = {isa = PBXFileReference; fileEncoding = 4; lastKnownFileType = sourcecode.c.objc; path = SubstitutionsBySchoolClassTableViewController.m; sourceTree = "<group>"; };
		67B02B0D14DDB9780090E6C6 /* CoreDataTableViewController.h */ = {isa = PBXFileReference; fileEncoding = 4; lastKnownFileType = sourcecode.c.h; path = CoreDataTableViewController.h; sourceTree = "<group>"; };
		67B02B0E14DDB9780090E6C6 /* CoreDataTableViewController.m */ = {isa = PBXFileReference; fileEncoding = 4; lastKnownFileType = sourcecode.c.objc; path = CoreDataTableViewController.m; sourceTree = "<group>"; };
		67B02B1114DDB9870090E6C6 /* JWSSubstitutionsFetcher.h */ = {isa = PBXFileReference; fileEncoding = 4; lastKnownFileType = sourcecode.c.h; path = JWSSubstitutionsFetcher.h; sourceTree = "<group>"; };
		67B02B1214DDB9870090E6C6 /* JWSSubstitutionsFetcher.m */ = {isa = PBXFileReference; fileEncoding = 4; lastKnownFileType = sourcecode.c.objc; path = JWSSubstitutionsFetcher.m; sourceTree = "<group>"; };
		67B02B1414DDB9BE0090E6C6 /* DaysTableViewController.h */ = {isa = PBXFileReference; fileEncoding = 4; lastKnownFileType = sourcecode.c.h; path = DaysTableViewController.h; sourceTree = "<group>"; };
		67B02B1514DDB9BE0090E6C6 /* DaysTableViewController.m */ = {isa = PBXFileReference; fileEncoding = 4; lastKnownFileType = sourcecode.c.objc; path = DaysTableViewController.m; sourceTree = "<group>"; };
		67B02B1714DDBC7B0090E6C6 /* CoreData.framework */ = {isa = PBXFileReference; lastKnownFileType = wrapper.framework; name = CoreData.framework; path = System/Library/Frameworks/CoreData.framework; sourceTree = SDKROOT; };
		67B02B1A14DDBD5C0090E6C6 /* JWSMobile.xcdatamodel */ = {isa = PBXFileReference; lastKnownFileType = wrapper.xcdatamodel; path = JWSMobile.xcdatamodel; sourceTree = "<group>"; };
		67B02B2814DDBF310090E6C6 /* Day+Create.h */ = {isa = PBXFileReference; fileEncoding = 4; lastKnownFileType = sourcecode.c.h; path = "Day+Create.h"; sourceTree = "<group>"; };
		67B02B2914DDBF310090E6C6 /* Day+Create.m */ = {isa = PBXFileReference; fileEncoding = 4; lastKnownFileType = sourcecode.c.objc; path = "Day+Create.m"; sourceTree = "<group>"; };
		67B02B2B14DDC0050090E6C6 /* Substitution+JWS.h */ = {isa = PBXFileReference; fileEncoding = 4; lastKnownFileType = sourcecode.c.h; path = "Substitution+JWS.h"; sourceTree = "<group>"; };
		67B02B2C14DDC0050090E6C6 /* Substitution+JWS.m */ = {isa = PBXFileReference; fileEncoding = 4; lastKnownFileType = sourcecode.c.objc; path = "Substitution+JWS.m"; sourceTree = "<group>"; };
		67B02B3A14DDD3B20090E6C6 /* SubstitutionsByDayTableViewController.h */ = {isa = PBXFileReference; fileEncoding = 4; lastKnownFileType = sourcecode.c.h; path = SubstitutionsByDayTableViewController.h; sourceTree = "<group>"; };
		67B02B3B14DDD3B20090E6C6 /* SubstitutionsByDayTableViewController.m */ = {isa = PBXFileReference; fileEncoding = 4; lastKnownFileType = sourcecode.c.objc; path = SubstitutionsByDayTableViewController.m; sourceTree = "<group>"; };
		67C1CCF114E66D1000DCA2D0 /* JWSStandortAnnotation.h */ = {isa = PBXFileReference; fileEncoding = 4; lastKnownFileType = sourcecode.c.h; path = JWSStandortAnnotation.h; sourceTree = "<group>"; };
		67C1CCF214E66D1000DCA2D0 /* JWSStandortAnnotation.m */ = {isa = PBXFileReference; fileEncoding = 4; lastKnownFileType = sourcecode.c.objc; path = JWSStandortAnnotation.m; sourceTree = "<group>"; };
		67C1CCF314E66D1000DCA2D0 /* MapViewController.h */ = {isa = PBXFileReference; fileEncoding = 4; lastKnownFileType = sourcecode.c.h; path = MapViewController.h; sourceTree = "<group>"; };
		67C1CCF414E66D1000DCA2D0 /* MapViewController.m */ = {isa = PBXFileReference; fileEncoding = 4; lastKnownFileType = sourcecode.c.objc; path = MapViewController.m; sourceTree = "<group>"; };
		67C4FD6D14DEA53300FE7B75 /* SchoolClassesTableViewController.h */ = {isa = PBXFileReference; fileEncoding = 4; lastKnownFileType = sourcecode.c.h; path = SchoolClassesTableViewController.h; sourceTree = "<group>"; };
		67C4FD6E14DEA53300FE7B75 /* SchoolClassesTableViewController.m */ = {isa = PBXFileReference; fileEncoding = 4; lastKnownFileType = sourcecode.c.objc; path = SchoolClassesTableViewController.m; sourceTree = "<group>"; };
/* End PBXFileReference section */

/* Begin PBXFrameworksBuildPhase section */
		675FB45614DDB8AF005E67BE /* Frameworks */ = {
			isa = PBXFrameworksBuildPhase;
			buildActionMask = 2147483647;
			files = (
				678C113114DE95C700476008 /* CoreLocation.framework in Frameworks */,
				678C112F14DE95C000476008 /* MapKit.framework in Frameworks */,
				67B02B1814DDBC7B0090E6C6 /* CoreData.framework in Frameworks */,
				675FB45E14DDB8B0005E67BE /* UIKit.framework in Frameworks */,
				675FB46014DDB8B0005E67BE /* Foundation.framework in Frameworks */,
				675FB46214DDB8B0005E67BE /* CoreGraphics.framework in Frameworks */,
			);
			runOnlyForDeploymentPostprocessing = 0;
		};
/* End PBXFrameworksBuildPhase section */

/* Begin PBXGroup section */
		675FB44E14DDB8AF005E67BE = {
			isa = PBXGroup;
			children = (
				2A86C31714E3BBB10002B0B2 /* CoreImage.framework */,
				678C113014DE95C700476008 /* CoreLocation.framework */,
				678C112E14DE95C000476008 /* MapKit.framework */,
				67B02B1714DDBC7B0090E6C6 /* CoreData.framework */,
				675FB46314DDB8B0005E67BE /* JWS Mobile */,
				675FB45C14DDB8AF005E67BE /* Frameworks */,
				675FB45A14DDB8AF005E67BE /* Products */,
			);
			sourceTree = "<group>";
		};
		675FB45A14DDB8AF005E67BE /* Products */ = {
			isa = PBXGroup;
			children = (
				675FB45914DDB8AF005E67BE /* JWS Mobile.app */,
			);
			name = Products;
			sourceTree = "<group>";
		};
		675FB45C14DDB8AF005E67BE /* Frameworks */ = {
			isa = PBXGroup;
			children = (
				675FB45D14DDB8B0005E67BE /* UIKit.framework */,
				675FB45F14DDB8B0005E67BE /* Foundation.framework */,
				675FB46114DDB8B0005E67BE /* CoreGraphics.framework */,
			);
			name = Frameworks;
			sourceTree = "<group>";
		};
		675FB46314DDB8B0005E67BE /* JWS Mobile */ = {
			isa = PBXGroup;
			children = (
				6746013714E81D6E00E0A0EF /* JWSStandortTableViewController.h */,
				6746013814E81D6E00E0A0EF /* JWSStandortTableViewController.m */,
				67C1CCF314E66D1000DCA2D0 /* MapViewController.h */,
				67C1CCF414E66D1000DCA2D0 /* MapViewController.m */,
				67C1CCF114E66D1000DCA2D0 /* JWSStandortAnnotation.h */,
				67C1CCF214E66D1000DCA2D0 /* JWSStandortAnnotation.m */,
				2AB4365014E18032001A135B /* julius_wegeler_schule.png */,
				2AE5612914E15FED00DC897A /* standorte.plist */,
				675FB46F14DDB8B0005E67BE /* MainStoryboard.storyboard */,
				678C114714DE9F4600476008 /* SubstitutionDetailsTableViewController.h */,
				678C114814DE9F4600476008 /* SubstitutionDetailsTableViewController.m */,
				67B02B3A14DDD3B20090E6C6 /* SubstitutionsByDayTableViewController.h */,
				67B02B3B14DDD3B20090E6C6 /* SubstitutionsByDayTableViewController.m */,
				6793EFB114DEAAD000EF1719 /* SubstitutionsBySchoolClassTableViewController.h */,
				6793EFB214DEAAD000EF1719 /* SubstitutionsBySchoolClassTableViewController.m */,
				67B02B1414DDB9BE0090E6C6 /* DaysTableViewController.h */,
				67B02B1514DDB9BE0090E6C6 /* DaysTableViewController.m */,
				67C4FD6D14DEA53300FE7B75 /* SchoolClassesTableViewController.h */,
				67C4FD6E14DEA53300FE7B75 /* SchoolClassesTableViewController.m */,
				67B02B2814DDBF310090E6C6 /* Day+Create.h */,
				67B02B2914DDBF310090E6C6 /* Day+Create.m */,
				67B02B1914DDBD5C0090E6C6 /* JWSMobile.xcdatamodeld */,
				678C114114DE9B7000476008 /* SchoolClass.h */,
				678C114214DE9B7000476008 /* SchoolClass.m */,
				678C114414DE9B8100476008 /* SchoolClass+Create.h */,
				678C114514DE9B8100476008 /* SchoolClass+Create.m */,
				678C113E14DE9B7000476008 /* Substitution.h */,
				678C113F14DE9B7000476008 /* Substitution.m */,
				678C113B14DE9B7000476008 /* Day.h */,
				678C113C14DE9B7000476008 /* Day.m */,
				67B02B2B14DDC0050090E6C6 /* Substitution+JWS.h */,
				67B02B2C14DDC0050090E6C6 /* Substitution+JWS.m */,
				675FB47214DDB8B0005E67BE /* JWSMobileViewController.h */,
				675FB47314DDB8B0005E67BE /* JWSMobileViewController.m */,
				67B02B1114DDB9870090E6C6 /* JWSSubstitutionsFetcher.h */,
				67B02B1214DDB9870090E6C6 /* JWSSubstitutionsFetcher.m */,
				67B02B0D14DDB9780090E6C6 /* CoreDataTableViewController.h */,
				67B02B0E14DDB9780090E6C6 /* CoreDataTableViewController.m */,
				675FB46414DDB8B0005E67BE /* Supporting Files */,
			);
			path = "JWS Mobile";
			sourceTree = "<group>";
		};
		675FB46414DDB8B0005E67BE /* Supporting Files */ = {
			isa = PBXGroup;
			children = (
				675FB46C14DDB8B0005E67BE /* JWSMobileAppDelegate.h */,
				675FB46D14DDB8B0005E67BE /* JWSMobileAppDelegate.m */,
				675FB46514DDB8B0005E67BE /* JWS Mobile-Info.plist */,
				675FB46614DDB8B0005E67BE /* InfoPlist.strings */,
				675FB46914DDB8B0005E67BE /* main.m */,
				675FB46B14DDB8B0005E67BE /* JWS Mobile-Prefix.pch */,
			);
			name = "Supporting Files";
			sourceTree = "<group>";
		};
/* End PBXGroup section */

/* Begin PBXNativeTarget section */
		675FB45814DDB8AF005E67BE /* JWS Mobile */ = {
			isa = PBXNativeTarget;
			buildConfigurationList = 675FB47714DDB8B0005E67BE /* Build configuration list for PBXNativeTarget "JWS Mobile" */;
			buildPhases = (
				675FB45514DDB8AF005E67BE /* Sources */,
				675FB45614DDB8AF005E67BE /* Frameworks */,
				675FB45714DDB8AF005E67BE /* Resources */,
			);
			buildRules = (
			);
			dependencies = (
			);
			name = "JWS Mobile";
			productName = "JWS Mobile";
			productReference = 675FB45914DDB8AF005E67BE /* JWS Mobile.app */;
			productType = "com.apple.product-type.application";
		};
/* End PBXNativeTarget section */

/* Begin PBXProject section */
		675FB45014DDB8AF005E67BE /* Project object */ = {
			isa = PBXProject;
			attributes = {
				LastUpgradeCheck = 0420;
				ORGANIZATIONNAME = "eberle & wollweber COMMUNICATIONS GmbH";
			};
			buildConfigurationList = 675FB45314DDB8AF005E67BE /* Build configuration list for PBXProject "JWS Mobile" */;
			compatibilityVersion = "Xcode 3.2";
			developmentRegion = English;
			hasScannedForEncodings = 0;
			knownRegions = (
				en,
			);
			mainGroup = 675FB44E14DDB8AF005E67BE;
			productRefGroup = 675FB45A14DDB8AF005E67BE /* Products */;
			projectDirPath = "";
			projectRoot = "";
			targets = (
				675FB45814DDB8AF005E67BE /* JWS Mobile */,
			);
		};
/* End PBXProject section */

/* Begin PBXResourcesBuildPhase section */
		675FB45714DDB8AF005E67BE /* Resources */ = {
			isa = PBXResourcesBuildPhase;
			buildActionMask = 2147483647;
			files = (
				675FB46814DDB8B0005E67BE /* InfoPlist.strings in Resources */,
				675FB47114DDB8B0005E67BE /* MainStoryboard.storyboard in Resources */,
				2AE5612A14E15FED00DC897A /* standorte.plist in Resources */,
				2AB4365114E18032001A135B /* julius_wegeler_schule.png in Resources */,
			);
			runOnlyForDeploymentPostprocessing = 0;
		};
/* End PBXResourcesBuildPhase section */

/* Begin PBXSourcesBuildPhase section */
		675FB45514DDB8AF005E67BE /* Sources */ = {
			isa = PBXSourcesBuildPhase;
			buildActionMask = 2147483647;
			files = (
				675FB46A14DDB8B0005E67BE /* main.m in Sources */,
				675FB46E14DDB8B0005E67BE /* JWSMobileAppDelegate.m in Sources */,
				675FB47414DDB8B0005E67BE /* JWSMobileViewController.m in Sources */,
				67B02B0F14DDB9780090E6C6 /* CoreDataTableViewController.m in Sources */,
				67B02B1314DDB9870090E6C6 /* JWSSubstitutionsFetcher.m in Sources */,
				67B02B1614DDB9BE0090E6C6 /* DaysTableViewController.m in Sources */,
				67B02B1B14DDBD5C0090E6C6 /* JWSMobile.xcdatamodeld in Sources */,
				67B02B2A14DDBF310090E6C6 /* Day+Create.m in Sources */,
				67B02B2D14DDC0050090E6C6 /* Substitution+JWS.m in Sources */,
				67B02B3C14DDD3B20090E6C6 /* SubstitutionsByDayTableViewController.m in Sources */,
				678C113D14DE9B7000476008 /* Day.m in Sources */,
				678C114014DE9B7000476008 /* Substitution.m in Sources */,
				678C114314DE9B7100476008 /* SchoolClass.m in Sources */,
				678C114614DE9B8100476008 /* SchoolClass+Create.m in Sources */,
				678C114914DE9F4600476008 /* SubstitutionDetailsTableViewController.m in Sources */,
				67C4FD6F14DEA53300FE7B75 /* SchoolClassesTableViewController.m in Sources */,
				6793EFB314DEAAD000EF1719 /* SubstitutionsBySchoolClassTableViewController.m in Sources */,
				67C1CCF614E66D1000DCA2D0 /* JWSStandortAnnotation.m in Sources */,
				67C1CCF714E66D1000DCA2D0 /* MapViewController.m in Sources */,
				6746013914E81D6E00E0A0EF /* JWSStandortTableViewController.m in Sources */,
			);
			runOnlyForDeploymentPostprocessing = 0;
		};
/* End PBXSourcesBuildPhase section */

/* Begin PBXVariantGroup section */
		675FB46614DDB8B0005E67BE /* InfoPlist.strings */ = {
			isa = PBXVariantGroup;
			children = (
				675FB46714DDB8B0005E67BE /* en */,
			);
			name = InfoPlist.strings;
			sourceTree = "<group>";
		};
		675FB46F14DDB8B0005E67BE /* MainStoryboard.storyboard */ = {
			isa = PBXVariantGroup;
			children = (
				675FB47014DDB8B0005E67BE /* en */,
			);
			name = MainStoryboard.storyboard;
			sourceTree = "<group>";
		};
/* End PBXVariantGroup section */

/* Begin XCBuildConfiguration section */
		675FB47514DDB8B0005E67BE /* Debug */ = {
			isa = XCBuildConfiguration;
			buildSettings = {
				ALWAYS_SEARCH_USER_PATHS = NO;
				ARCHS = "$(ARCHS_STANDARD_32_BIT)";
				CLANG_ENABLE_OBJC_ARC = YES;
				"CODE_SIGN_IDENTITY[sdk=iphoneos*]" = "iPhone Developer";
				COPY_PHASE_STRIP = NO;
				GCC_C_LANGUAGE_STANDARD = gnu99;
				GCC_DYNAMIC_NO_PIC = NO;
				GCC_OPTIMIZATION_LEVEL = 0;
				GCC_PREPROCESSOR_DEFINITIONS = (
					"DEBUG=1",
					"$(inherited)",
				);
				GCC_SYMBOLS_PRIVATE_EXTERN = NO;
				GCC_VERSION = com.apple.compilers.llvm.clang.1_0;
				GCC_WARN_ABOUT_MISSING_PROTOTYPES = YES;
				GCC_WARN_ABOUT_RETURN_TYPE = YES;
				GCC_WARN_UNUSED_VARIABLE = YES;
				IPHONEOS_DEPLOYMENT_TARGET = 5.0;
				SDKROOT = iphoneos;
			};
			name = Debug;
		};
		675FB47614DDB8B0005E67BE /* Release */ = {
			isa = XCBuildConfiguration;
			buildSettings = {
				ALWAYS_SEARCH_USER_PATHS = NO;
				ARCHS = "$(ARCHS_STANDARD_32_BIT)";
				CLANG_ENABLE_OBJC_ARC = YES;
				"CODE_SIGN_IDENTITY[sdk=iphoneos*]" = "iPhone Developer";
				COPY_PHASE_STRIP = YES;
				GCC_C_LANGUAGE_STANDARD = gnu99;
				GCC_VERSION = com.apple.compilers.llvm.clang.1_0;
				GCC_WARN_ABOUT_MISSING_PROTOTYPES = YES;
				GCC_WARN_ABOUT_RETURN_TYPE = YES;
				GCC_WARN_UNUSED_VARIABLE = YES;
				IPHONEOS_DEPLOYMENT_TARGET = 5.0;
				OTHER_CFLAGS = "-DNS_BLOCK_ASSERTIONS=1";
				SDKROOT = iphoneos;
				VALIDATE_PRODUCT = YES;
			};
			name = Release;
		};
		675FB47814DDB8B0005E67BE /* Debug */ = {
			isa = XCBuildConfiguration;
			buildSettings = {
				GCC_PRECOMPILE_PREFIX_HEADER = YES;
				GCC_PREFIX_HEADER = "JWS Mobile/JWS Mobile-Prefix.pch";
				INFOPLIST_FILE = "JWS Mobile/JWS Mobile-Info.plist";
				PRODUCT_NAME = "$(TARGET_NAME)";
				WRAPPER_EXTENSION = app;
			};
			name = Debug;
		};
		675FB47914DDB8B0005E67BE /* Release */ = {
			isa = XCBuildConfiguration;
			buildSettings = {
				GCC_PRECOMPILE_PREFIX_HEADER = YES;
				GCC_PREFIX_HEADER = "JWS Mobile/JWS Mobile-Prefix.pch";
				INFOPLIST_FILE = "JWS Mobile/JWS Mobile-Info.plist";
				PRODUCT_NAME = "$(TARGET_NAME)";
				WRAPPER_EXTENSION = app;
			};
			name = Release;
		};
/* End XCBuildConfiguration section */

/* Begin XCConfigurationList section */
		675FB45314DDB8AF005E67BE /* Build configuration list for PBXProject "JWS Mobile" */ = {
			isa = XCConfigurationList;
			buildConfigurations = (
				675FB47514DDB8B0005E67BE /* Debug */,
				675FB47614DDB8B0005E67BE /* Release */,
			);
			defaultConfigurationIsVisible = 0;
			defaultConfigurationName = Release;
		};
		675FB47714DDB8B0005E67BE /* Build configuration list for PBXNativeTarget "JWS Mobile" */ = {
			isa = XCConfigurationList;
			buildConfigurations = (
				675FB47814DDB8B0005E67BE /* Debug */,
				675FB47914DDB8B0005E67BE /* Release */,
			);
			defaultConfigurationIsVisible = 0;
			defaultConfigurationName = Release;
		};
/* End XCConfigurationList section */

/* Begin XCVersionGroup section */
		67B02B1914DDBD5C0090E6C6 /* JWSMobile.xcdatamodeld */ = {
			isa = XCVersionGroup;
			children = (
				67B02B1A14DDBD5C0090E6C6 /* JWSMobile.xcdatamodel */,
			);
			currentVersion = 67B02B1A14DDBD5C0090E6C6 /* JWSMobile.xcdatamodel */;
			path = JWSMobile.xcdatamodeld;
			sourceTree = "<group>";
			versionGroupType = wrapper.xcdatamodel;
		};
/* End XCVersionGroup section */
	};
	rootObject = 675FB45014DDB8AF005E67BE /* Project object */;
}
